
Microsoft Visual Studio Solution File, Format Version 12.00
# Visual Studio Version 17
VisualStudioVersion = 17.13.35825.156 d17.13
MinimumVisualStudioVersion = 10.0.40219.1
Project("{FAE04EC0-301F-11D3-BF4B-00C04F79EFBC}") = "WindowsFormsApp5", "WindowsFormsApp5\WindowsFormsApp5.csproj", "{8872603F-1929-4813-A0C3-5F2085131CD7}"
EndProject
Global
	GlobalSection(SolutionConfigurationPlatforms) = preSolution
		Debug|Any CPU = Debug|Any CPU
		Release|Any CPU = Release|Any CPU
	EndGlobalSection
	GlobalSection(ProjectConfigurationPlatforms) = postSolution
		{8872603F-1929-4813-A0C3-5F2085131CD7}.Debug|Any CPU.ActiveCfg = Debug|Any CPU
		{8872603F-1929-4813-A0C3-5F2085131CD7}.Debug|Any CPU.Build.0 = Debug|Any CPU
		{8872603F-1929-4813-A0C3-5F2085131CD7}.Release|Any CPU.ActiveCfg = Release|Any CPU
		{8872603F-1929-4813-A0C3-5F2085131CD7}.Release|Any CPU.Build.0 = Release|Any CPU
	EndGlobalSection
	GlobalSection(SolutionProperties) = preSolution
		HideSolutionNode = FALSE
	EndGlobalSection
	GlobalSection(ExtensibilityGlobals) = postSolution
		SolutionGuid = {1AAC3688-F7AF-40C9-8E8B-971943108179}
	EndGlobalSection
EndGlobal
